// !$*UTF8*$!
{
	archiveVersion = 1;
	classes = {
	};
	objectVersion = 56;
	objects = {

/* Begin PBXBuildFile section */
		C8609AA82985510E00799C82 /* ContentView.swift in Sources */ = {isa = PBXBuildFile; fileRef = C8609AA72985510E00799C82 /* ContentView.swift */; };
		C8609AAA2985510F00799C82 /* Assets.xcassets in Resources */ = {isa = PBXBuildFile; fileRef = C8609AA92985510F00799C82 /* Assets.xcassets */; };
		C8609AAE2985510F00799C82 /* Preview Assets.xcassets in Resources */ = {isa = PBXBuildFile; fileRef = C8609AAD2985510F00799C82 /* Preview Assets.xcassets */; };
		C8609AB829857EDB00799C82 /* AppDelegate.swift in Sources */ = {isa = PBXBuildFile; fileRef = C8609AB729857EDB00799C82 /* AppDelegate.swift */; };
		C8609ABA29857EED00799C82 /* SceneDelegate.swift in Sources */ = {isa = PBXBuildFile; fileRef = C8609AB929857EED00799C82 /* SceneDelegate.swift */; };
		C8609ABD2985808200799C82 /* View1.swift in Sources */ = {isa = PBXBuildFile; fileRef = C8609ABC2985808200799C82 /* View1.swift */; };
		C8609ABF2985808F00799C82 /* View2.swift in Sources */ = {isa = PBXBuildFile; fileRef = C8609ABE2985808F00799C82 /* View2.swift */; };
		C8609AC1298580A100799C82 /* Splash.swift in Sources */ = {isa = PBXBuildFile; fileRef = C8609AC0298580A100799C82 /* Splash.swift */; };
		C8609AC32985829F00799C82 /* FlowCoordinator.swift in Sources */ = {isa = PBXBuildFile; fileRef = C8609AC22985829F00799C82 /* FlowCoordinator.swift */; };
		C8609AC629870BAF00799C82 /* CustomNavigation.swift in Sources */ = {isa = PBXBuildFile; fileRef = C8609AC529870BAF00799C82 /* CustomNavigation.swift */; };
		C8609AC92987B24700799C82 /* RootContainer.swift in Sources */ = {isa = PBXBuildFile; fileRef = C8609AC82987B24700799C82 /* RootContainer.swift */; };
		C8609ACB2987C8CE00799C82 /* AuthContainer.swift in Sources */ = {isa = PBXBuildFile; fileRef = C8609ACA2987C8CE00799C82 /* AuthContainer.swift */; };
		C8609ACD2987C8DC00799C82 /* MainContainer.swift in Sources */ = {isa = PBXBuildFile; fileRef = C8609ACC2987C8DC00799C82 /* MainContainer.swift */; };
		C8609AD12987C9DA00799C82 /* Address.swift in Sources */ = {isa = PBXBuildFile; fileRef = C8609AD02987C9DA00799C82 /* Address.swift */; };
		C8609AD32987C9E600799C82 /* Register.swift in Sources */ = {isa = PBXBuildFile; fileRef = C8609AD22987C9E600799C82 /* Register.swift */; };
		C8609AD52987CF2900799C82 /* AuthCoordinator.swift in Sources */ = {isa = PBXBuildFile; fileRef = C8609AD42987CF2900799C82 /* AuthCoordinator.swift */; };
		C8609AD72987DCCC00799C82 /* MainCoordinator.swift in Sources */ = {isa = PBXBuildFile; fileRef = C8609AD62987DCCC00799C82 /* MainCoordinator.swift */; };
/* End PBXBuildFile section */

/* Begin PBXFileReference section */
		C8609AA22985510E00799C82 /* NavigationControllerSwiftUI.app */ = {isa = PBXFileReference; explicitFileType = wrapper.application; includeInIndex = 0; path = NavigationControllerSwiftUI.app; sourceTree = BUILT_PRODUCTS_DIR; };
		C8609AA52985510E00799C82 /* NavigationControllerSwiftUIApp.swift */ = {isa = PBXFileReference; lastKnownFileType = sourcecode.swift; path = NavigationControllerSwiftUIApp.swift; sourceTree = "<group>"; };
		C8609AA72985510E00799C82 /* ContentView.swift */ = {isa = PBXFileReference; lastKnownFileType = sourcecode.swift; path = ContentView.swift; sourceTree = "<group>"; };
		C8609AA92985510F00799C82 /* Assets.xcassets */ = {isa = PBXFileReference; lastKnownFileType = folder.assetcatalog; path = Assets.xcassets; sourceTree = "<group>"; };
		C8609AAB2985510F00799C82 /* NavigationControllerSwiftUI.entitlements */ = {isa = PBXFileReference; lastKnownFileType = text.plist.entitlements; path = NavigationControllerSwiftUI.entitlements; sourceTree = "<group>"; };
		C8609AAD2985510F00799C82 /* Preview Assets.xcassets */ = {isa = PBXFileReference; lastKnownFileType = folder.assetcatalog; path = "Preview Assets.xcassets"; sourceTree = "<group>"; };
		C8609AB729857EDB00799C82 /* AppDelegate.swift */ = {isa = PBXFileReference; lastKnownFileType = sourcecode.swift; path = AppDelegate.swift; sourceTree = "<group>"; };
		C8609AB929857EED00799C82 /* SceneDelegate.swift */ = {isa = PBXFileReference; lastKnownFileType = sourcecode.swift; path = SceneDelegate.swift; sourceTree = "<group>"; };
		C8609ABC2985808200799C82 /* View1.swift */ = {isa = PBXFileReference; lastKnownFileType = sourcecode.swift; path = View1.swift; sourceTree = "<group>"; };
		C8609ABE2985808F00799C82 /* View2.swift */ = {isa = PBXFileReference; lastKnownFileType = sourcecode.swift; path = View2.swift; sourceTree = "<group>"; };
		C8609AC0298580A100799C82 /* Splash.swift */ = {isa = PBXFileReference; lastKnownFileType = sourcecode.swift; path = Splash.swift; sourceTree = "<group>"; };
		C8609AC22985829F00799C82 /* FlowCoordinator.swift */ = {isa = PBXFileReference; lastKnownFileType = sourcecode.swift; path = FlowCoordinator.swift; sourceTree = "<group>"; };
		C8609AC42985A1FC00799C82 /* Info.plist */ = {isa = PBXFileReference; lastKnownFileType = text.plist; path = Info.plist; sourceTree = "<group>"; };
		C8609AC529870BAF00799C82 /* CustomNavigation.swift */ = {isa = PBXFileReference; fileEncoding = 4; lastKnownFileType = sourcecode.swift; path = CustomNavigation.swift; sourceTree = "<group>"; };
		C8609AC82987B24700799C82 /* RootContainer.swift */ = {isa = PBXFileReference; lastKnownFileType = sourcecode.swift; path = RootContainer.swift; sourceTree = "<group>"; };
		C8609ACA2987C8CE00799C82 /* AuthContainer.swift */ = {isa = PBXFileReference; lastKnownFileType = sourcecode.swift; path = AuthContainer.swift; sourceTree = "<group>"; };
		C8609ACC2987C8DC00799C82 /* MainContainer.swift */ = {isa = PBXFileReference; lastKnownFileType = sourcecode.swift; path = MainContainer.swift; sourceTree = "<group>"; };
		C8609AD02987C9DA00799C82 /* Address.swift */ = {isa = PBXFileReference; lastKnownFileType = sourcecode.swift; path = Address.swift; sourceTree = "<group>"; };
		C8609AD22987C9E600799C82 /* Register.swift */ = {isa = PBXFileReference; lastKnownFileType = sourcecode.swift; path = Register.swift; sourceTree = "<group>"; };
		C8609AD42987CF2900799C82 /* AuthCoordinator.swift */ = {isa = PBXFileReference; lastKnownFileType = sourcecode.swift; path = AuthCoordinator.swift; sourceTree = "<group>"; };
		C8609AD62987DCCC00799C82 /* MainCoordinator.swift */ = {isa = PBXFileReference; lastKnownFileType = sourcecode.swift; path = MainCoordinator.swift; sourceTree = "<group>"; };
/* End PBXFileReference section */

/* Begin PBXFrameworksBuildPhase section */
		C8609A9F2985510E00799C82 /* Frameworks */ = {
			isa = PBXFrameworksBuildPhase;
			buildActionMask = 2147483647;
			files = (
			);
			runOnlyForDeploymentPostprocessing = 0;
		};
/* End PBXFrameworksBuildPhase section */

/* Begin PBXGroup section */
		C8609A992985510E00799C82 = {
			isa = PBXGroup;
			children = (
				C8609AA42985510E00799C82 /* NavigationControllerSwiftUI */,
				C8609AA32985510E00799C82 /* Products */,
			);
			sourceTree = "<group>";
		};
		C8609AA32985510E00799C82 /* Products */ = {
			isa = PBXGroup;
			children = (
				C8609AA22985510E00799C82 /* NavigationControllerSwiftUI.app */,
			);
			name = Products;
			sourceTree = "<group>";
		};
		C8609AA42985510E00799C82 /* NavigationControllerSwiftUI */ = {
			isa = PBXGroup;
			children = (
				C8609AC42985A1FC00799C82 /* Info.plist */,
				C8609AA52985510E00799C82 /* NavigationControllerSwiftUIApp.swift */,
				C8609AB629857E9000799C82 /* Delegate */,
				C8609ABB2985806800799C82 /* Coordinator */,
				C8609AC72987B22100799C82 /* Container */,
				C8609AC0298580A100799C82 /* Splash.swift */,
				C8609AA72985510E00799C82 /* ContentView.swift */,
				C8609ABC2985808200799C82 /* View1.swift */,
				C8609ABE2985808F00799C82 /* View2.swift */,
				C8609AA92985510F00799C82 /* Assets.xcassets */,
				C8609AAB2985510F00799C82 /* NavigationControllerSwiftUI.entitlements */,
				C8609AAC2985510F00799C82 /* Preview Content */,
				C8609AD02987C9DA00799C82 /* Address.swift */,
				C8609AD22987C9E600799C82 /* Register.swift */,
			);
			path = NavigationControllerSwiftUI;
			sourceTree = "<group>";
		};
		C8609AAC2985510F00799C82 /* Preview Content */ = {
			isa = PBXGroup;
			children = (
				C8609AAD2985510F00799C82 /* Preview Assets.xcassets */,
			);
			path = "Preview Content";
			sourceTree = "<group>";
		};
		C8609AB629857E9000799C82 /* Delegate */ = {
			isa = PBXGroup;
			children = (
				C8609AB729857EDB00799C82 /* AppDelegate.swift */,
				C8609AB929857EED00799C82 /* SceneDelegate.swift */,
				C8609AC529870BAF00799C82 /* CustomNavigation.swift */,
			);
			path = Delegate;
			sourceTree = "<group>";
		};
		C8609ABB2985806800799C82 /* Coordinator */ = {
			isa = PBXGroup;
			children = (
				C8609AC22985829F00799C82 /* FlowCoordinator.swift */,
				C8609AD42987CF2900799C82 /* AuthCoordinator.swift */,
				C8609AD62987DCCC00799C82 /* MainCoordinator.swift */,
			);
			path = Coordinator;
			sourceTree = "<group>";
		};
		C8609AC72987B22100799C82 /* Container */ = {
			isa = PBXGroup;
			children = (
				C8609AC82987B24700799C82 /* RootContainer.swift */,
				C8609ACA2987C8CE00799C82 /* AuthContainer.swift */,
				C8609ACC2987C8DC00799C82 /* MainContainer.swift */,
			);
			path = Container;
			sourceTree = "<group>";
		};
/* End PBXGroup section */

/* Begin PBXNativeTarget section */
		C8609AA12985510E00799C82 /* NavigationControllerSwiftUI */ = {
			isa = PBXNativeTarget;
			buildConfigurationList = C8609AB12985510F00799C82 /* Build configuration list for PBXNativeTarget "NavigationControllerSwiftUI" */;
			buildPhases = (
				C8609A9E2985510E00799C82 /* Sources */,
				C8609A9F2985510E00799C82 /* Frameworks */,
				C8609AA02985510E00799C82 /* Resources */,
			);
			buildRules = (
			);
			dependencies = (
			);
			name = NavigationControllerSwiftUI;
			productName = NavigationControllerSwiftUI;
			productReference = C8609AA22985510E00799C82 /* NavigationControllerSwiftUI.app */;
			productType = "com.apple.product-type.application";
		};
/* End PBXNativeTarget section */

/* Begin PBXProject section */
		C8609A9A2985510E00799C82 /* Project object */ = {
			isa = PBXProject;
			attributes = {
				BuildIndependentTargetsInParallel = 1;
				LastSwiftUpdateCheck = 1420;
				LastUpgradeCheck = 1420;
				TargetAttributes = {
					C8609AA12985510E00799C82 = {
						CreatedOnToolsVersion = 14.2;
					};
				};
			};
			buildConfigurationList = C8609A9D2985510E00799C82 /* Build configuration list for PBXProject "NavigationControllerSwiftUI" */;
			compatibilityVersion = "Xcode 14.0";
			developmentRegion = en;
			hasScannedForEncodings = 0;
			knownRegions = (
				en,
				Base,
			);
			mainGroup = C8609A992985510E00799C82;
			productRefGroup = C8609AA32985510E00799C82 /* Products */;
			projectDirPath = "";
			projectRoot = "";
			targets = (
				C8609AA12985510E00799C82 /* NavigationControllerSwiftUI */,
			);
		};
/* End PBXProject section */

/* Begin PBXResourcesBuildPhase section */
		C8609AA02985510E00799C82 /* Resources */ = {
			isa = PBXResourcesBuildPhase;
			buildActionMask = 2147483647;
			files = (
				C8609AAE2985510F00799C82 /* Preview Assets.xcassets in Resources */,
				C8609AAA2985510F00799C82 /* Assets.xcassets in Resources */,
			);
			runOnlyForDeploymentPostprocessing = 0;
		};
/* End PBXResourcesBuildPhase section */

/* Begin PBXSourcesBuildPhase section */
		C8609A9E2985510E00799C82 /* Sources */ = {
			isa = PBXSourcesBuildPhase;
			buildActionMask = 2147483647;
			files = (
				C8609AC1298580A100799C82 /* Splash.swift in Sources */,
				C8609AB829857EDB00799C82 /* AppDelegate.swift in Sources */,
				C8609ABF2985808F00799C82 /* View2.swift in Sources */,
				C8609AA82985510E00799C82 /* ContentView.swift in Sources */,
				C8609AD52987CF2900799C82 /* AuthCoordinator.swift in Sources */,
				C8609AD32987C9E600799C82 /* Register.swift in Sources */,
				C8609ACD2987C8DC00799C82 /* MainContainer.swift in Sources */,
				C8609AC32985829F00799C82 /* FlowCoordinator.swift in Sources */,
				C8609AD12987C9DA00799C82 /* Address.swift in Sources */,
				C8609ABA29857EED00799C82 /* SceneDelegate.swift in Sources */,
				C8609AC92987B24700799C82 /* RootContainer.swift in Sources */,
				C8609ACB2987C8CE00799C82 /* AuthContainer.swift in Sources */,
				C8609ABD2985808200799C82 /* View1.swift in Sources */,
				C8609AD72987DCCC00799C82 /* MainCoordinator.swift in Sources */,
				C8609AC629870BAF00799C82 /* CustomNavigation.swift in Sources */,
			);
			runOnlyForDeploymentPostprocessing = 0;
		};
/* End PBXSourcesBuildPhase section */

/* Begin XCBuildConfiguration section */
		C8609AAF2985510F00799C82 /* Debug */ = {
			isa = XCBuildConfiguration;
			buildSettings = {
				ALWAYS_SEARCH_USER_PATHS = NO;
				CLANG_ANALYZER_NONNULL = YES;
				CLANG_ANALYZER_NUMBER_OBJECT_CONVERSION = YES_AGGRESSIVE;
				CLANG_CXX_LANGUAGE_STANDARD = "gnu++20";
				CLANG_ENABLE_MODULES = YES;
				CLANG_ENABLE_OBJC_ARC = YES;
				CLANG_ENABLE_OBJC_WEAK = YES;
				CLANG_WARN_BLOCK_CAPTURE_AUTORELEASING = YES;
				CLANG_WARN_BOOL_CONVERSION = YES;
				CLANG_WARN_COMMA = YES;
				CLANG_WARN_CONSTANT_CONVERSION = YES;
				CLANG_WARN_DEPRECATED_OBJC_IMPLEMENTATIONS = YES;
				CLANG_WARN_DIRECT_OBJC_ISA_USAGE = YES_ERROR;
				CLANG_WARN_DOCUMENTATION_COMMENTS = YES;
				CLANG_WARN_EMPTY_BODY = YES;
				CLANG_WARN_ENUM_CONVERSION = YES;
				CLANG_WARN_INFINITE_RECURSION = YES;
				CLANG_WARN_INT_CONVERSION = YES;
				CLANG_WARN_NON_LITERAL_NULL_CONVERSION = YES;
				CLANG_WARN_OBJC_IMPLICIT_RETAIN_SELF = YES;
				CLANG_WARN_OBJC_LITERAL_CONVERSION = YES;
				CLANG_WARN_OBJC_ROOT_CLASS = YES_ERROR;
				CLANG_WARN_QUOTED_INCLUDE_IN_FRAMEWORK_HEADER = YES;
				CLANG_WARN_RANGE_LOOP_ANALYSIS = YES;
				CLANG_WARN_STRICT_PROTOTYPES = YES;
				CLANG_WARN_SUSPICIOUS_MOVE = YES;
				CLANG_WARN_UNGUARDED_AVAILABILITY = YES_AGGRESSIVE;
				CLANG_WARN_UNREACHABLE_CODE = YES;
				CLANG_WARN__DUPLICATE_METHOD_MATCH = YES;
				COPY_PHASE_STRIP = NO;
				DEBUG_INFORMATION_FORMAT = dwarf;
				ENABLE_STRICT_OBJC_MSGSEND = YES;
				ENABLE_TESTABILITY = YES;
				GCC_C_LANGUAGE_STANDARD = gnu11;
				GCC_DYNAMIC_NO_PIC = NO;
				GCC_NO_COMMON_BLOCKS = YES;
				GCC_OPTIMIZATION_LEVEL = 0;
				GCC_PREPROCESSOR_DEFINITIONS = (
					"DEBUG=1",
					"$(inherited)",
				);
				GCC_WARN_64_TO_32_BIT_CONVERSION = YES;
				GCC_WARN_ABOUT_RETURN_TYPE = YES_ERROR;
				GCC_WARN_UNDECLARED_SELECTOR = YES;
				GCC_WARN_UNINITIALIZED_AUTOS = YES_AGGRESSIVE;
				GCC_WARN_UNUSED_FUNCTION = YES;
				GCC_WARN_UNUSED_VARIABLE = YES;
				MTL_ENABLE_DEBUG_INFO = INCLUDE_SOURCE;
				MTL_FAST_MATH = YES;
				ONLY_ACTIVE_ARCH = YES;
				SWIFT_ACTIVE_COMPILATION_CONDITIONS = DEBUG;
				SWIFT_OPTIMIZATION_LEVEL = "-Onone";
			};
			name = Debug;
		};
		C8609AB02985510F00799C82 /* Release */ = {
			isa = XCBuildConfiguration;
			buildSettings = {
				ALWAYS_SEARCH_USER_PATHS = NO;
				CLANG_ANALYZER_NONNULL = YES;
				CLANG_ANALYZER_NUMBER_OBJECT_CONVERSION = YES_AGGRESSIVE;
				CLANG_CXX_LANGUAGE_STANDARD = "gnu++20";
				CLANG_ENABLE_MODULES = YES;
				CLANG_ENABLE_OBJC_ARC = YES;
				CLANG_ENABLE_OBJC_WEAK = YES;
				CLANG_WARN_BLOCK_CAPTURE_AUTORELEASING = YES;
				CLANG_WARN_BOOL_CONVERSION = YES;
				CLANG_WARN_COMMA = YES;
				CLANG_WARN_CONSTANT_CONVERSION = YES;
				CLANG_WARN_DEPRECATED_OBJC_IMPLEMENTATIONS = YES;
				CLANG_WARN_DIRECT_OBJC_ISA_USAGE = YES_ERROR;
				CLANG_WARN_DOCUMENTATION_COMMENTS = YES;
				CLANG_WARN_EMPTY_BODY = YES;
				CLANG_WARN_ENUM_CONVERSION = YES;
				CLANG_WARN_INFINITE_RECURSION = YES;
				CLANG_WARN_INT_CONVERSION = YES;
				CLANG_WARN_NON_LITERAL_NULL_CONVERSION = YES;
				CLANG_WARN_OBJC_IMPLICIT_RETAIN_SELF = YES;
				CLANG_WARN_OBJC_LITERAL_CONVERSION = YES;
				CLANG_WARN_OBJC_ROOT_CLASS = YES_ERROR;
				CLANG_WARN_QUOTED_INCLUDE_IN_FRAMEWORK_HEADER = YES;
				CLANG_WARN_RANGE_LOOP_ANALYSIS = YES;
				CLANG_WARN_STRICT_PROTOTYPES = YES;
				CLANG_WARN_SUSPICIOUS_MOVE = YES;
				CLANG_WARN_UNGUARDED_AVAILABILITY = YES_AGGRESSIVE;
				CLANG_WARN_UNREACHABLE_CODE = YES;
				CLANG_WARN__DUPLICATE_METHOD_MATCH = YES;
				COPY_PHASE_STRIP = NO;
				DEBUG_INFORMATION_FORMAT = "dwarf-with-dsym";
				ENABLE_NS_ASSERTIONS = NO;
				ENABLE_STRICT_OBJC_MSGSEND = YES;
				GCC_C_LANGUAGE_STANDARD = gnu11;
				GCC_NO_COMMON_BLOCKS = YES;
				GCC_WARN_64_TO_32_BIT_CONVERSION = YES;
				GCC_WARN_ABOUT_RETURN_TYPE = YES_ERROR;
				GCC_WARN_UNDECLARED_SELECTOR = YES;
				GCC_WARN_UNINITIALIZED_AUTOS = YES_AGGRESSIVE;
				GCC_WARN_UNUSED_FUNCTION = YES;
				GCC_WARN_UNUSED_VARIABLE = YES;
				MTL_ENABLE_DEBUG_INFO = NO;
				MTL_FAST_MATH = YES;
				SWIFT_COMPILATION_MODE = wholemodule;
				SWIFT_OPTIMIZATION_LEVEL = "-O";
			};
			name = Release;
		};
		C8609AB22985510F00799C82 /* Debug */ = {
			isa = XCBuildConfiguration;
			buildSettings = {
				ASSETCATALOG_COMPILER_APPICON_NAME = AppIcon;
				ASSETCATALOG_COMPILER_GLOBAL_ACCENT_COLOR_NAME = AccentColor;
				CODE_SIGN_ENTITLEMENTS = NavigationControllerSwiftUI/NavigationControllerSwiftUI.entitlements;
				CODE_SIGN_STYLE = Automatic;
				CURRENT_PROJECT_VERSION = 1;
				DEVELOPMENT_ASSET_PATHS = "\"NavigationControllerSwiftUI/Preview Content\"";
				DEVELOPMENT_TEAM = 936S5Z99AG;
				ENABLE_HARDENED_RUNTIME = YES;
				ENABLE_PREVIEWS = YES;
				GENERATE_INFOPLIST_FILE = YES;
				INFOPLIST_FILE = NavigationControllerSwiftUI/Info.plist;
				"INFOPLIST_KEY_UIApplicationSceneManifest_Generation[sdk=iphoneos*]" = YES;
				"INFOPLIST_KEY_UIApplicationSceneManifest_Generation[sdk=iphonesimulator*]" = YES;
				"INFOPLIST_KEY_UIApplicationSupportsIndirectInputEvents[sdk=iphoneos*]" = YES;
				"INFOPLIST_KEY_UIApplicationSupportsIndirectInputEvents[sdk=iphonesimulator*]" = YES;
				"INFOPLIST_KEY_UILaunchScreen_Generation[sdk=iphoneos*]" = YES;
				"INFOPLIST_KEY_UILaunchScreen_Generation[sdk=iphonesimulator*]" = YES;
				"INFOPLIST_KEY_UIStatusBarStyle[sdk=iphoneos*]" = UIStatusBarStyleDefault;
				"INFOPLIST_KEY_UIStatusBarStyle[sdk=iphonesimulator*]" = UIStatusBarStyleDefault;
				INFOPLIST_KEY_UISupportedInterfaceOrientations_iPad = "UIInterfaceOrientationPortrait UIInterfaceOrientationPortraitUpsideDown UIInterfaceOrientationLandscapeLeft UIInterfaceOrientationLandscapeRight";
				INFOPLIST_KEY_UISupportedInterfaceOrientations_iPhone = "UIInterfaceOrientationPortrait UIInterfaceOrientationLandscapeLeft UIInterfaceOrientationLandscapeRight";
				IPHONEOS_DEPLOYMENT_TARGET = 15.0;
				LD_RUNPATH_SEARCH_PATHS = "@executable_path/Frameworks";
				"LD_RUNPATH_SEARCH_PATHS[sdk=macosx*]" = "@executable_path/../Frameworks";
				MACOSX_DEPLOYMENT_TARGET = 13.1;
				MARKETING_VERSION = 1.0;
				PRODUCT_BUNDLE_IDENTIFIER = com.selsela.NavigationControllerSwiftUI;
				PRODUCT_NAME = "$(TARGET_NAME)";
				SDKROOT = auto;
				SUPPORTED_PLATFORMS = "iphoneos iphonesimulator";
				SUPPORTS_MACCATALYST = NO;
				SUPPORTS_MAC_DESIGNED_FOR_IPHONE_IPAD = NO;
				SWIFT_EMIT_LOC_STRINGS = YES;
				SWIFT_VERSION = 5.0;
				TARGETED_DEVICE_FAMILY = 1;
			};
			name = Debug;
		};
		C8609AB32985510F00799C82 /* Release */ = {
			isa = XCBuildConfiguration;
			buildSettings = {
				ASSETCATALOG_COMPILER_APPICON_NAME = AppIcon;
				ASSETCATALOG_COMPILER_GLOBAL_ACCENT_COLOR_NAME = AccentColor;
				CODE_SIGN_ENTITLEMENTS = NavigationControllerSwiftUI/NavigationControllerSwiftUI.entitlements;
				CODE_SIGN_STYLE = Automatic;
				CURRENT_PROJECT_VERSION = 1;
				DEVELOPMENT_ASSET_PATHS = "\"NavigationControllerSwiftUI/Preview Content\"";
				DEVELOPMENT_TEAM = 936S5Z99AG;
				ENABLE_HARDENED_RUNTIME = YES;
				ENABLE_PREVIEWS = YES;
				GENERATE_INFOPLIST_FILE = YES;
				INFOPLIST_FILE = NavigationControllerSwiftUI/Info.plist;
				"INFOPLIST_KEY_UIApplicationSceneManifest_Generation[sdk=iphoneos*]" = YES;
				"INFOPLIST_KEY_UIApplicationSceneManifest_Generation[sdk=iphonesimulator*]" = YES;
				"INFOPLIST_KEY_UIApplicationSupportsIndirectInputEvents[sdk=iphoneos*]" = YES;
				"INFOPLIST_KEY_UIApplicationSupportsIndirectInputEvents[sdk=iphonesimulator*]" = YES;
				"INFOPLIST_KEY_UILaunchScreen_Generation[sdk=iphoneos*]" = YES;
				"INFOPLIST_KEY_UILaunchScreen_Generation[sdk=iphonesimulator*]" = YES;
				"INFOPLIST_KEY_UIStatusBarStyle[sdk=iphoneos*]" = UIStatusBarStyleDefault;
				"INFOPLIST_KEY_UIStatusBarStyle[sdk=iphonesimulator*]" = UIStatusBarStyleDefault;
				INFOPLIST_KEY_UISupportedInterfaceOrientations_iPad = "UIInterfaceOrientationPortrait UIInterfaceOrientationPortraitUpsideDown UIInterfaceOrientationLandscapeLeft UIInterfaceOrientationLandscapeRight";
				INFOPLIST_KEY_UISupportedInterfaceOrientations_iPhone = "UIInterfaceOrientationPortrait UIInterfaceOrientationLandscapeLeft UIInterfaceOrientationLandscapeRight";
				IPHONEOS_DEPLOYMENT_TARGET = 15.0;
				LD_RUNPATH_SEARCH_PATHS = "@executable_path/Frameworks";
				"LD_RUNPATH_SEARCH_PATHS[sdk=macosx*]" = "@executable_path/../Frameworks";
				MACOSX_DEPLOYMENT_TARGET = 13.1;
				MARKETING_VERSION = 1.0;
				PRODUCT_BUNDLE_IDENTIFIER = com.selsela.NavigationControllerSwiftUI;
				PRODUCT_NAME = "$(TARGET_NAME)";
				SDKROOT = auto;
				SUPPORTED_PLATFORMS = "iphoneos iphonesimulator";
				SUPPORTS_MACCATALYST = NO;
				SUPPORTS_MAC_DESIGNED_FOR_IPHONE_IPAD = NO;
				SWIFT_EMIT_LOC_STRINGS = YES;
				SWIFT_VERSION = 5.0;
				TARGETED_DEVICE_FAMILY = 1;
			};
			name = Release;
		};
/* End XCBuildConfiguration section */

/* Begin XCConfigurationList section */
		C8609A9D2985510E00799C82 /* Build configuration list for PBXProject "NavigationControllerSwiftUI" */ = {
			isa = XCConfigurationList;
			buildConfigurations = (
				C8609AAF2985510F00799C82 /* Debug */,
				C8609AB02985510F00799C82 /* Release */,
			);
			defaultConfigurationIsVisible = 0;
			defaultConfigurationName = Release;
		};
		C8609AB12985510F00799C82 /* Build configuration list for PBXNativeTarget "NavigationControllerSwiftUI" */ = {
			isa = XCConfigurationList;
			buildConfigurations = (
				C8609AB22985510F00799C82 /* Debug */,
				C8609AB32985510F00799C82 /* Release */,
			);
			defaultConfigurationIsVisible = 0;
			defaultConfigurationName = Release;
		};
/* End XCConfigurationList section */
	};
	rootObject = C8609A9A2985510E00799C82 /* Project object */;
}
